
Microsoft Visual Studio Solution File, Format Version 12.00
# Visual Studio Version 16
VisualStudioVersion = 16.0.31321.278
MinimumVisualStudioVersion = 10.0.40219.1
Project("{FAE04EC0-301F-11D3-BF4B-00C04F79EFBC}") = "ExampleApp", "ExampleApp.csproj", "{D03553B9-EE6D-408A-86D7-AA8F75136035}"
EndProject
Project("{9A19103F-16F7-4668-BE54-9A1E7A4F7556}") = "MediatR.ValidationGenerator", "..\..\src\MediatR.ValidationGenerator\MediatR.ValidationGenerator.csproj", "{91DD2E7D-014A-4933-818A-A7956CA6F314}"
EndProject
Global
	GlobalSection(SolutionConfigurationPlatforms) = preSolution
		Debug|Any CPU = Debug|Any CPU
		Release|Any CPU = Release|Any CPU
	EndGlobalSection
	GlobalSection(ProjectConfigurationPlatforms) = postSolution
		{D03553B9-EE6D-408A-86D7-AA8F75136035}.Debug|Any CPU.ActiveCfg = Debug|Any CPU
		{D03553B9-EE6D-408A-86D7-AA8F75136035}.Debug|Any CPU.Build.0 = Debug|Any CPU
		{D03553B9-EE6D-408A-86D7-AA8F75136035}.Release|Any CPU.ActiveCfg = Release|Any CPU
		{D03553B9-EE6D-408A-86D7-AA8F75136035}.Release|Any CPU.Build.0 = Release|Any CPU
		{91DD2E7D-014A-4933-818A-A7956CA6F314}.Debug|Any CPU.ActiveCfg = Debug|Any CPU
		{91DD2E7D-014A-4933-818A-A7956CA6F314}.Debug|Any CPU.Build.0 = Debug|Any CPU
		{91DD2E7D-014A-4933-818A-A7956CA6F314}.Release|Any CPU.ActiveCfg = Release|Any CPU
		{91DD2E7D-014A-4933-818A-A7956CA6F314}.Release|Any CPU.Build.0 = Release|Any CPU
	EndGlobalSection
	GlobalSection(SolutionProperties) = preSolution
		HideSolutionNode = FALSE
	EndGlobalSection
	GlobalSection(ExtensibilityGlobals) = postSolution
		SolutionGuid = {D09AB66D-E83F-4440-A5EE-F4BDDFDDF0B2}
	EndGlobalSection
EndGlobal
